
Microsoft Visual Studio Solution File, Format Version 12.00
# Visual Studio Version 16
VisualStudioVersion = 16.0.29123.88
MinimumVisualStudioVersion = 10.0.40219.1
Project("{FAE04EC0-301F-11D3-BF4B-00C04F79EFBC}") = "Launcher", "Launcher.csproj", "{A910AC65-7162-4691-AB6C-EB7CCD885BC5}"
EndProject
Project("{54435603-DBB4-11D2-8724-00A0C9A8B90C}") = "Setup", "..\Setup\Setup.vdproj", "{E3535F68-5141-479C-9B7D-46572C15AB62}"
EndProject
Global
	GlobalSection(SolutionConfigurationPlatforms) = preSolution
		Debug|Any CPU = Debug|Any CPU
		Debug|ARM = Debug|ARM
		Debug|ARM64 = Debug|ARM64
		Debug|x64 = Debug|x64
		Debug|x86 = Debug|x86
		Release|Any CPU = Release|Any CPU
		Release|ARM = Release|ARM
		Release|ARM64 = Release|ARM64
		Release|x64 = Release|x64
		Release|x86 = Release|x86
	EndGlobalSection
	GlobalSection(ProjectConfigurationPlatforms) = postSolution
		{A910AC65-7162-4691-AB6C-EB7CCD885BC5}.Debug|Any CPU.ActiveCfg = Debug|Any CPU
		{A910AC65-7162-4691-AB6C-EB7CCD885BC5}.Debug|Any CPU.Build.0 = Debug|Any CPU
		{A910AC65-7162-4691-AB6C-EB7CCD885BC5}.Debug|ARM.ActiveCfg = Debug|Any CPU
		{A910AC65-7162-4691-AB6C-EB7CCD885BC5}.Debug|ARM.Build.0 = Debug|Any CPU
		{A910AC65-7162-4691-AB6C-EB7CCD885BC5}.Debug|ARM64.ActiveCfg = Debug|Any CPU
		{A910AC65-7162-4691-AB6C-EB7CCD885BC5}.Debug|ARM64.Build.0 = Debug|Any CPU
		{A910AC65-7162-4691-AB6C-EB7CCD885BC5}.Debug|x64.ActiveCfg = Debug|Any CPU
		{A910AC65-7162-4691-AB6C-EB7CCD885BC5}.Debug|x64.Build.0 = Debug|Any CPU
		{A910AC65-7162-4691-AB6C-EB7CCD885BC5}.Debug|x86.ActiveCfg = Debug|Any CPU
		{A910AC65-7162-4691-AB6C-EB7CCD885BC5}.Debug|x86.Build.0 = Debug|Any CPU
		{A910AC65-7162-4691-AB6C-EB7CCD885BC5}.Release|Any CPU.ActiveCfg = Release|Any CPU
		{A910AC65-7162-4691-AB6C-EB7CCD885BC5}.Release|Any CPU.Build.0 = Release|Any CPU
		{A910AC65-7162-4691-AB6C-EB7CCD885BC5}.Release|ARM.ActiveCfg = Release|Any CPU
		{A910AC65-7162-4691-AB6C-EB7CCD885BC5}.Release|ARM.Build.0 = Release|Any CPU
		{A910AC65-7162-4691-AB6C-EB7CCD885BC5}.Release|ARM64.ActiveCfg = Release|Any CPU
		{A910AC65-7162-4691-AB6C-EB7CCD885BC5}.Release|ARM64.Build.0 = Release|Any CPU
		{A910AC65-7162-4691-AB6C-EB7CCD885BC5}.Release|x64.ActiveCfg = Release|Any CPU
		{A910AC65-7162-4691-AB6C-EB7CCD885BC5}.Release|x64.Build.0 = Release|Any CPU
		{A910AC65-7162-4691-AB6C-EB7CCD885BC5}.Release|x86.ActiveCfg = Release|Any CPU
		{A910AC65-7162-4691-AB6C-EB7CCD885BC5}.Release|x86.Build.0 = Release|Any CPU
		{E3535F68-5141-479C-9B7D-46572C15AB62}.Debug|Any CPU.ActiveCfg = Debug
		{E3535F68-5141-479C-9B7D-46572C15AB62}.Debug|ARM.ActiveCfg = Debug
		{E3535F68-5141-479C-9B7D-46572C15AB62}.Debug|ARM64.ActiveCfg = Debug
		{E3535F68-5141-479C-9B7D-46572C15AB62}.Debug|x64.ActiveCfg = Debug
		{E3535F68-5141-479C-9B7D-46572C15AB62}.Debug|x86.ActiveCfg = Debug
		{E3535F68-5141-479C-9B7D-46572C15AB62}.Release|Any CPU.ActiveCfg = Release
		{E3535F68-5141-479C-9B7D-46572C15AB62}.Release|ARM.ActiveCfg = Release
		{E3535F68-5141-479C-9B7D-46572C15AB62}.Release|ARM64.ActiveCfg = Release
		{E3535F68-5141-479C-9B7D-46572C15AB62}.Release|x64.ActiveCfg = Release
		{E3535F68-5141-479C-9B7D-46572C15AB62}.Release|x86.ActiveCfg = Release
	EndGlobalSection
	GlobalSection(SolutionProperties) = preSolution
		HideSolutionNode = FALSE
	EndGlobalSection
	GlobalSection(ExtensibilityGlobals) = postSolution
		SolutionGuid = {47F7F88B-B71D-4FD7-A6B1-FA8E75F6B2DF}
	EndGlobalSection
EndGlobal
